// !$*UTF8*$!
{
	archiveVersion = 1;
	classes = {
	};
	objectVersion = 50;
	objects = {

/* Begin PBXBuildFile section */
		355AA63B27C5BAAF00B314C0 /* AppDelegate.swift in Sources */ = {isa = PBXBuildFile; fileRef = 355AA63A27C5BAAF00B314C0 /* AppDelegate.swift */; };
		355AA63D27C5BAAF00B314C0 /* SceneDelegate.swift in Sources */ = {isa = PBXBuildFile; fileRef = 355AA63C27C5BAAF00B314C0 /* SceneDelegate.swift */; };
		355AA63F27C5BAB000B314C0 /* ViewController.swift in Sources */ = {isa = PBXBuildFile; fileRef = 355AA63E27C5BAAF00B314C0 /* ViewController.swift */; };
		355AA64227C5BAB000B314C0 /* Main.storyboard in Resources */ = {isa = PBXBuildFile; fileRef = 355AA64027C5BAB000B314C0 /* Main.storyboard */; };
		355AA64427C5BACD00B314C0 /* Assets.xcassets in Resources */ = {isa = PBXBuildFile; fileRef = 355AA64327C5BACD00B314C0 /* Assets.xcassets */; };
		355AA64727C5BACD00B314C0 /* LaunchScreen.storyboard in Resources */ = {isa = PBXBuildFile; fileRef = 355AA64527C5BACD00B314C0 /* LaunchScreen.storyboard */; };
		355AA65227C5BAD000B314C0 /* newGitTests.swift in Sources */ = {isa = PBXBuildFile; fileRef = 355AA65127C5BAD000B314C0 /* newGitTests.swift */; };
		355AA65D27C5BAD000B314C0 /* newGitUITests.swift in Sources */ = {isa = PBXBuildFile; fileRef = 355AA65C27C5BAD000B314C0 /* newGitUITests.swift */; };
/* End PBXBuildFile section */

/* Begin PBXContainerItemProxy section */
		355AA64E27C5BAD000B314C0 /* PBXContainerItemProxy */ = {
			isa = PBXContainerItemProxy;
			containerPortal = 355AA62F27C5BAAF00B314C0 /* Project object */;
			proxyType = 1;
			remoteGlobalIDString = 355AA63627C5BAAF00B314C0;
			remoteInfo = newGit;
		};
		355AA65927C5BAD000B314C0 /* PBXContainerItemProxy */ = {
			isa = PBXContainerItemProxy;
			containerPortal = 355AA62F27C5BAAF00B314C0 /* Project object */;
			proxyType = 1;
			remoteGlobalIDString = 355AA63627C5BAAF00B314C0;
			remoteInfo = newGit;
		};
/* End PBXContainerItemProxy section */

/* Begin PBXFileReference section */
		355AA63727C5BAAF00B314C0 /* newGit.app */ = {isa = PBXFileReference; explicitFileType = wrapper.application; includeInIndex = 0; path = newGit.app; sourceTree = BUILT_PRODUCTS_DIR; };
		355AA63A27C5BAAF00B314C0 /* AppDelegate.swift */ = {isa = PBXFileReference; lastKnownFileType = sourcecode.swift; path = AppDelegate.swift; sourceTree = "<group>"; };
		355AA63C27C5BAAF00B314C0 /* SceneDelegate.swift */ = {isa = PBXFileReference; lastKnownFileType = sourcecode.swift; path = SceneDelegate.swift; sourceTree = "<group>"; };
		355AA63E27C5BAAF00B314C0 /* ViewController.swift */ = {isa = PBXFileReference; lastKnownFileType = sourcecode.swift; path = ViewController.swift; sourceTree = "<group>"; };
		355AA64127C5BAB000B314C0 /* Base */ = {isa = PBXFileReference; lastKnownFileType = file.storyboard; name = Base; path = Base.lproj/Main.storyboard; sourceTree = "<group>"; };
		355AA64327C5BACD00B314C0 /* Assets.xcassets */ = {isa = PBXFileReference; lastKnownFileType = folder.assetcatalog; path = Assets.xcassets; sourceTree = "<group>"; };
		355AA64627C5BACD00B314C0 /* Base */ = {isa = PBXFileReference; lastKnownFileType = file.storyboard; name = Base; path = Base.lproj/LaunchScreen.storyboard; sourceTree = "<group>"; };
		355AA64827C5BACD00B314C0 /* Info.plist */ = {isa = PBXFileReference; lastKnownFileType = text.plist.xml; path = Info.plist; sourceTree = "<group>"; };
		355AA64D27C5BAD000B314C0 /* newGitTests.xctest */ = {isa = PBXFileReference; explicitFileType = wrapper.cfbundle; includeInIndex = 0; path = newGitTests.xctest; sourceTree = BUILT_PRODUCTS_DIR; };
		355AA65127C5BAD000B314C0 /* newGitTests.swift */ = {isa = PBXFileReference; lastKnownFileType = sourcecode.swift; path = newGitTests.swift; sourceTree = "<group>"; };
		355AA65327C5BAD000B314C0 /* Info.plist */ = {isa = PBXFileReference; lastKnownFileType = text.plist.xml; path = Info.plist; sourceTree = "<group>"; };
		355AA65827C5BAD000B314C0 /* newGitUITests.xctest */ = {isa = PBXFileReference; explicitFileType = wrapper.cfbundle; includeInIndex = 0; path = newGitUITests.xctest; sourceTree = BUILT_PRODUCTS_DIR; };
		355AA65C27C5BAD000B314C0 /* newGitUITests.swift */ = {isa = PBXFileReference; lastKnownFileType = sourcecode.swift; path = newGitUITests.swift; sourceTree = "<group>"; };
		355AA65E27C5BAD000B314C0 /* Info.plist */ = {isa = PBXFileReference; lastKnownFileType = text.plist.xml; path = Info.plist; sourceTree = "<group>"; };
/* End PBXFileReference section */

/* Begin PBXFrameworksBuildPhase section */
		355AA63427C5BAAF00B314C0 /* Frameworks */ = {
			isa = PBXFrameworksBuildPhase;
			buildActionMask = 2147483647;
			files = (
			);
			runOnlyForDeploymentPostprocessing = 0;
		};
		355AA64A27C5BAD000B314C0 /* Frameworks */ = {
			isa = PBXFrameworksBuildPhase;
			buildActionMask = 2147483647;
			files = (
			);
			runOnlyForDeploymentPostprocessing = 0;
		};
		355AA65527C5BAD000B314C0 /* Frameworks */ = {
			isa = PBXFrameworksBuildPhase;
			buildActionMask = 2147483647;
			files = (
			);
			runOnlyForDeploymentPostprocessing = 0;
		};
/* End PBXFrameworksBuildPhase section */

/* Begin PBXGroup section */
		355AA62E27C5BAAF00B314C0 = {
			isa = PBXGroup;
			children = (
				355AA63927C5BAAF00B314C0 /* newGit */,
				355AA65027C5BAD000B314C0 /* newGitTests */,
				355AA65B27C5BAD000B314C0 /* newGitUITests */,
				355AA63827C5BAAF00B314C0 /* Products */,
			);
			sourceTree = "<group>";
		};
		355AA63827C5BAAF00B314C0 /* Products */ = {
			isa = PBXGroup;
			children = (
				355AA63727C5BAAF00B314C0 /* newGit.app */,
				355AA64D27C5BAD000B314C0 /* newGitTests.xctest */,
				355AA65827C5BAD000B314C0 /* newGitUITests.xctest */,
			);
			name = Products;
			sourceTree = "<group>";
		};
		355AA63927C5BAAF00B314C0 /* newGit */ = {
			isa = PBXGroup;
			children = (
				355AA63A27C5BAAF00B314C0 /* AppDelegate.swift */,
				355AA63C27C5BAAF00B314C0 /* SceneDelegate.swift */,
				355AA63E27C5BAAF00B314C0 /* ViewController.swift */,
				355AA64027C5BAB000B314C0 /* Main.storyboard */,
				355AA64327C5BACD00B314C0 /* Assets.xcassets */,
				355AA64527C5BACD00B314C0 /* LaunchScreen.storyboard */,
				355AA64827C5BACD00B314C0 /* Info.plist */,
			);
			path = newGit;
			sourceTree = "<group>";
		};
		355AA65027C5BAD000B314C0 /* newGitTests */ = {
			isa = PBXGroup;
			children = (
				355AA65127C5BAD000B314C0 /* newGitTests.swift */,
				355AA65327C5BAD000B314C0 /* Info.plist */,
			);
			path = newGitTests;
			sourceTree = "<group>";
		};
		355AA65B27C5BAD000B314C0 /* newGitUITests */ = {
			isa = PBXGroup;
			children = (
				355AA65C27C5BAD000B314C0 /* newGitUITests.swift */,
				355AA65E27C5BAD000B314C0 /* Info.plist */,
			);
			path = newGitUITests;
			sourceTree = "<group>";
		};
/* End PBXGroup section */

/* Begin PBXNativeTarget section */
		355AA63627C5BAAF00B314C0 /* newGit */ = {
			isa = PBXNativeTarget;
			buildConfigurationList = 355AA66127C5BAD000B314C0 /* Build configuration list for PBXNativeTarget "newGit" */;
			buildPhases = (
				355AA63327C5BAAF00B314C0 /* Sources */,
				355AA63427C5BAAF00B314C0 /* Frameworks */,
				355AA63527C5BAAF00B314C0 /* Resources */,
			);
			buildRules = (
			);
			dependencies = (
			);
			name = newGit;
			productName = newGit;
			productReference = 355AA63727C5BAAF00B314C0 /* newGit.app */;
			productType = "com.apple.product-type.application";
		};
		355AA64C27C5BAD000B314C0 /* newGitTests */ = {
			isa = PBXNativeTarget;
			buildConfigurationList = 355AA66427C5BAD000B314C0 /* Build configuration list for PBXNativeTarget "newGitTests" */;
			buildPhases = (
				355AA64927C5BAD000B314C0 /* Sources */,
				355AA64A27C5BAD000B314C0 /* Frameworks */,
				355AA64B27C5BAD000B314C0 /* Resources */,
			);
			buildRules = (
			);
			dependencies = (
				355AA64F27C5BAD000B314C0 /* PBXTargetDependency */,
			);
			name = newGitTests;
			productName = newGitTests;
			productReference = 355AA64D27C5BAD000B314C0 /* newGitTests.xctest */;
			productType = "com.apple.product-type.bundle.unit-test";
		};
		355AA65727C5BAD000B314C0 /* newGitUITests */ = {
			isa = PBXNativeTarget;
			buildConfigurationList = 355AA66727C5BAD000B314C0 /* Build configuration list for PBXNativeTarget "newGitUITests" */;
			buildPhases = (
				355AA65427C5BAD000B314C0 /* Sources */,
				355AA65527C5BAD000B314C0 /* Frameworks */,
				355AA65627C5BAD000B314C0 /* Resources */,
			);
			buildRules = (
			);
			dependencies = (
				355AA65A27C5BAD000B314C0 /* PBXTargetDependency */,
			);
			name = newGitUITests;
			productName = newGitUITests;
			productReference = 355AA65827C5BAD000B314C0 /* newGitUITests.xctest */;
			productType = "com.apple.product-type.bundle.ui-testing";
		};
/* End PBXNativeTarget section */

/* Begin PBXProject section */
		355AA62F27C5BAAF00B314C0 /* Project object */ = {
			isa = PBXProject;
			attributes = {
				LastSwiftUpdateCheck = 1240;
				LastUpgradeCheck = 1240;
				TargetAttributes = {
					355AA63627C5BAAF00B314C0 = {
						CreatedOnToolsVersion = 12.4;
					};
					355AA64C27C5BAD000B314C0 = {
						CreatedOnToolsVersion = 12.4;
						TestTargetID = 355AA63627C5BAAF00B314C0;
					};
					355AA65727C5BAD000B314C0 = {
						CreatedOnToolsVersion = 12.4;
						TestTargetID = 355AA63627C5BAAF00B314C0;
					};
				};
			};
			buildConfigurationList = 355AA63227C5BAAF00B314C0 /* Build configuration list for PBXProject "newGit" */;
			compatibilityVersion = "Xcode 9.3";
			developmentRegion = en;
			hasScannedForEncodings = 0;
			knownRegions = (
				en,
				Base,
			);
			mainGroup = 355AA62E27C5BAAF00B314C0;
			productRefGroup = 355AA63827C5BAAF00B314C0 /* Products */;
			projectDirPath = "";
			projectRoot = "";
			targets = (
				355AA63627C5BAAF00B314C0 /* newGit */,
				355AA64C27C5BAD000B314C0 /* newGitTests */,
				355AA65727C5BAD000B314C0 /* newGitUITests */,
			);
		};
/* End PBXProject section */

/* Begin PBXResourcesBuildPhase section */
		355AA63527C5BAAF00B314C0 /* Resources */ = {
			isa = PBXResourcesBuildPhase;
			buildActionMask = 2147483647;
			files = (
				355AA64727C5BACD00B314C0 /* LaunchScreen.storyboard in Resources */,
				355AA64427C5BACD00B314C0 /* Assets.xcassets in Resources */,
				355AA64227C5BAB000B314C0 /* Main.storyboard in Resources */,
			);
			runOnlyForDeploymentPostprocessing = 0;
		};
		355AA64B27C5BAD000B314C0 /* Resources */ = {
			isa = PBXResourcesBuildPhase;
			buildActionMask = 2147483647;
			files = (
			);
			runOnlyForDeploymentPostprocessing = 0;
		};
		355AA65627C5BAD000B314C0 /* Resources */ = {
			isa = PBXResourcesBuildPhase;
			buildActionMask = 2147483647;
			files = (
			);
			runOnlyForDeploymentPostprocessing = 0;
		};
/* End PBXResourcesBuildPhase section */

/* Begin PBXSourcesBuildPhase section */
		355AA63327C5BAAF00B314C0 /* Sources */ = {
			isa = PBXSourcesBuildPhase;
			buildActionMask = 2147483647;
			files = (
				355AA63F27C5BAB000B314C0 /* ViewController.swift in Sources */,
				355AA63B27C5BAAF00B314C0 /* AppDelegate.swift in Sources */,
				355AA63D27C5BAAF00B314C0 /* SceneDelegate.swift in Sources */,
			);
			runOnlyForDeploymentPostprocessing = 0;
		};
		355AA64927C5BAD000B314C0 /* Sources */ = {
			isa = PBXSourcesBuildPhase;
			buildActionMask = 2147483647;
			files = (
				355AA65227C5BAD000B314C0 /* newGitTests.swift in Sources */,
			);
			runOnlyForDeploymentPostprocessing = 0;
		};
		355AA65427C5BAD000B314C0 /* Sources */ = {
			isa = PBXSourcesBuildPhase;
			buildActionMask = 2147483647;
			files = (
				355AA65D27C5BAD000B314C0 /* newGitUITests.swift in Sources */,
			);
			runOnlyForDeploymentPostprocessing = 0;
		};
/* End PBXSourcesBuildPhase section */

/* Begin PBXTargetDependency section */
		355AA64F27C5BAD000B314C0 /* PBXTargetDependency */ = {
			isa = PBXTargetDependency;
			target = 355AA63627C5BAAF00B314C0 /* newGit */;
			targetProxy = 355AA64E27C5BAD000B314C0 /* PBXContainerItemProxy */;
		};
		355AA65A27C5BAD000B314C0 /* PBXTargetDependency */ = {
			isa = PBXTargetDependency;
			target = 355AA63627C5BAAF00B314C0 /* newGit */;
			targetProxy = 355AA65927C5BAD000B314C0 /* PBXContainerItemProxy */;
		};
/* End PBXTargetDependency section */

/* Begin PBXVariantGroup section */
		355AA64027C5BAB000B314C0 /* Main.storyboard */ = {
			isa = PBXVariantGroup;
			children = (
				355AA64127C5BAB000B314C0 /* Base */,
			);
			name = Main.storyboard;
			sourceTree = "<group>";
		};
		355AA64527C5BACD00B314C0 /* LaunchScreen.storyboard */ = {
			isa = PBXVariantGroup;
			children = (
				355AA64627C5BACD00B314C0 /* Base */,
			);
			name = LaunchScreen.storyboard;
			sourceTree = "<group>";
		};
/* End PBXVariantGroup section */

/* Begin XCBuildConfiguration section */
		355AA65F27C5BAD000B314C0 /* Debug */ = {
			isa = XCBuildConfiguration;
			buildSettings = {
				ALWAYS_SEARCH_USER_PATHS = NO;
				CLANG_ANALYZER_NONNULL = YES;
				CLANG_ANALYZER_NUMBER_OBJECT_CONVERSION = YES_AGGRESSIVE;
				CLANG_CXX_LANGUAGE_STANDARD = "gnu++14";
				CLANG_CXX_LIBRARY = "libc++";
				CLANG_ENABLE_MODULES = YES;
				CLANG_ENABLE_OBJC_ARC = YES;
				CLANG_ENABLE_OBJC_WEAK = YES;
				CLANG_WARN_BLOCK_CAPTURE_AUTORELEASING = YES;
				CLANG_WARN_BOOL_CONVERSION = YES;
				CLANG_WARN_COMMA = YES;
				CLANG_WARN_CONSTANT_CONVERSION = YES;
				CLANG_WARN_DEPRECATED_OBJC_IMPLEMENTATIONS = YES;
				CLANG_WARN_DIRECT_OBJC_ISA_USAGE = YES_ERROR;
				CLANG_WARN_DOCUMENTATION_COMMENTS = YES;
				CLANG_WARN_EMPTY_BODY = YES;
				CLANG_WARN_ENUM_CONVERSION = YES;
				CLANG_WARN_INFINITE_RECURSION = YES;
				CLANG_WARN_INT_CONVERSION = YES;
				CLANG_WARN_NON_LITERAL_NULL_CONVERSION = YES;
				CLANG_WARN_OBJC_IMPLICIT_RETAIN_SELF = YES;
				CLANG_WARN_OBJC_LITERAL_CONVERSION = YES;
				CLANG_WARN_OBJC_ROOT_CLASS = YES_ERROR;
				CLANG_WARN_QUOTED_INCLUDE_IN_FRAMEWORK_HEADER = YES;
				CLANG_WARN_RANGE_LOOP_ANALYSIS = YES;
				CLANG_WARN_STRICT_PROTOTYPES = YES;
				CLANG_WARN_SUSPICIOUS_MOVE = YES;
				CLANG_WARN_UNGUARDED_AVAILABILITY = YES_AGGRESSIVE;
				CLANG_WARN_UNREACHABLE_CODE = YES;
				CLANG_WARN__DUPLICATE_METHOD_MATCH = YES;
				COPY_PHASE_STRIP = NO;
				DEBUG_INFORMATION_FORMAT = dwarf;
				ENABLE_STRICT_OBJC_MSGSEND = YES;
				ENABLE_TESTABILITY = YES;
				GCC_C_LANGUAGE_STANDARD = gnu11;
				GCC_DYNAMIC_NO_PIC = NO;
				GCC_NO_COMMON_BLOCKS = YES;
				GCC_OPTIMIZATION_LEVEL = 0;
				GCC_PREPROCESSOR_DEFINITIONS = (
					"DEBUG=1",
					"$(inherited)",
				);
				GCC_WARN_64_TO_32_BIT_CONVERSION = YES;
				GCC_WARN_ABOUT_RETURN_TYPE = YES_ERROR;
				GCC_WARN_UNDECLARED_SELECTOR = YES;
				GCC_WARN_UNINITIALIZED_AUTOS = YES_AGGRESSIVE;
				GCC_WARN_UNUSED_FUNCTION = YES;
				GCC_WARN_UNUSED_VARIABLE = YES;
				IPHONEOS_DEPLOYMENT_TARGET = 14.4;
				MTL_ENABLE_DEBUG_INFO = INCLUDE_SOURCE;
				MTL_FAST_MATH = YES;
				ONLY_ACTIVE_ARCH = YES;
				SDKROOT = iphoneos;
				SWIFT_ACTIVE_COMPILATION_CONDITIONS = DEBUG;
				SWIFT_OPTIMIZATION_LEVEL = "-Onone";
			};
			name = Debug;
		};
		355AA66027C5BAD000B314C0 /* Release */ = {
			isa = XCBuildConfiguration;
			buildSettings = {
				ALWAYS_SEARCH_USER_PATHS = NO;
				CLANG_ANALYZER_NONNULL = YES;
				CLANG_ANALYZER_NUMBER_OBJECT_CONVERSION = YES_AGGRESSIVE;
				CLANG_CXX_LANGUAGE_STANDARD = "gnu++14";
				CLANG_CXX_LIBRARY = "libc++";
				CLANG_ENABLE_MODULES = YES;
				CLANG_ENABLE_OBJC_ARC = YES;
				CLANG_ENABLE_OBJC_WEAK = YES;
				CLANG_WARN_BLOCK_CAPTURE_AUTORELEASING = YES;
				CLANG_WARN_BOOL_CONVERSION = YES;
				CLANG_WARN_COMMA = YES;
				CLANG_WARN_CONSTANT_CONVERSION = YES;
				CLANG_WARN_DEPRECATED_OBJC_IMPLEMENTATIONS = YES;
				CLANG_WARN_DIRECT_OBJC_ISA_USAGE = YES_ERROR;
				CLANG_WARN_DOCUMENTATION_COMMENTS = YES;
				CLANG_WARN_EMPTY_BODY = YES;
				CLANG_WARN_ENUM_CONVERSION = YES;
				CLANG_WARN_INFINITE_RECURSION = YES;
				CLANG_WARN_INT_CONVERSION = YES;
				CLANG_WARN_NON_LITERAL_NULL_CONVERSION = YES;
				CLANG_WARN_OBJC_IMPLICIT_RETAIN_SELF = YES;
				CLANG_WARN_OBJC_LITERAL_CONVERSION = YES;
				CLANG_WARN_OBJC_ROOT_CLASS = YES_ERROR;
				CLANG_WARN_QUOTED_INCLUDE_IN_FRAMEWORK_HEADER = YES;
				CLANG_WARN_RANGE_LOOP_ANALYSIS = YES;
				CLANG_WARN_STRICT_PROTOTYPES = YES;
				CLANG_WARN_SUSPICIOUS_MOVE = YES;
				CLANG_WARN_UNGUARDED_AVAILABILITY = YES_AGGRESSIVE;
				CLANG_WARN_UNREACHABLE_CODE = YES;
				CLANG_WARN__DUPLICATE_METHOD_MATCH = YES;
				COPY_PHASE_STRIP = NO;
				DEBUG_INFORMATION_FORMAT = "dwarf-with-dsym";
				ENABLE_NS_ASSERTIONS = NO;
				ENABLE_STRICT_OBJC_MSGSEND = YES;
				GCC_C_LANGUAGE_STANDARD = gnu11;
				GCC_NO_COMMON_BLOCKS = YES;
				GCC_WARN_64_TO_32_BIT_CONVERSION = YES;
				GCC_WARN_ABOUT_RETURN_TYPE = YES_ERROR;
				GCC_WARN_UNDECLARED_SELECTOR = YES;
				GCC_WARN_UNINITIALIZED_AUTOS = YES_AGGRESSIVE;
				GCC_WARN_UNUSED_FUNCTION = YES;
				GCC_WARN_UNUSED_VARIABLE = YES;
				IPHONEOS_DEPLOYMENT_TARGET = 14.4;
				MTL_ENABLE_DEBUG_INFO = NO;
				MTL_FAST_MATH = YES;
				SDKROOT = iphoneos;
				SWIFT_COMPILATION_MODE = wholemodule;
				SWIFT_OPTIMIZATION_LEVEL = "-O";
				VALIDATE_PRODUCT = YES;
			};
			name = Release;
		};
		355AA66227C5BAD000B314C0 /* Debug */ = {
			isa = XCBuildConfiguration;
			buildSettings = {
				ASSETCATALOG_COMPILER_APPICON_NAME = AppIcon;
				ASSETCATALOG_COMPILER_GLOBAL_ACCENT_COLOR_NAME = AccentColor;
				CODE_SIGN_STYLE = Automatic;
				INFOPLIST_FILE = newGit/Info.plist;
				LD_RUNPATH_SEARCH_PATHS = (
					"$(inherited)",
					"@executable_path/Frameworks",
				);
				PRODUCT_BUNDLE_IDENTIFIER = GrupoMateus.newGit;
				PRODUCT_NAME = "$(TARGET_NAME)";
				SWIFT_VERSION = 5.0;
				TARGETED_DEVICE_FAMILY = "1,2";
			};
			name = Debug;
		};
		355AA66327C5BAD000B314C0 /* Release */ = {
			isa = XCBuildConfiguration;
			buildSettings = {
				ASSETCATALOG_COMPILER_APPICON_NAME = AppIcon;
				ASSETCATALOG_COMPILER_GLOBAL_ACCENT_COLOR_NAME = AccentColor;
				CODE_SIGN_STYLE = Automatic;
				INFOPLIST_FILE = newGit/Info.plist;
				LD_RUNPATH_SEARCH_PATHS = (
					"$(inherited)",
					"@executable_path/Frameworks",
				);
				PRODUCT_BUNDLE_IDENTIFIER = GrupoMateus.newGit;
				PRODUCT_NAME = "$(TARGET_NAME)";
				SWIFT_VERSION = 5.0;
				TARGETED_DEVICE_FAMILY = "1,2";
			};
			name = Release;
		};
		355AA66527C5BAD000B314C0 /* Debug */ = {
			isa = XCBuildConfiguration;
			buildSettings = {
				ALWAYS_EMBED_SWIFT_STANDARD_LIBRARIES = YES;
				BUNDLE_LOADER = "$(TEST_HOST)";
				CODE_SIGN_STYLE = Automatic;
				INFOPLIST_FILE = newGitTests/Info.plist;
				IPHONEOS_DEPLOYMENT_TARGET = 14.4;
				LD_RUNPATH_SEARCH_PATHS = (
					"$(inherited)",
					"@executable_path/Frameworks",
					"@loader_path/Frameworks",
				);
				PRODUCT_BUNDLE_IDENTIFIER = GrupoMateus.newGitTests;
				PRODUCT_NAME = "$(TARGET_NAME)";
				SWIFT_VERSION = 5.0;
				TARGETED_DEVICE_FAMILY = "1,2";
				TEST_HOST = "$(BUILT_PRODUCTS_DIR)/newGit.app/newGit";
			};
			name = Debug;
		};
		355AA66627C5BAD000B314C0 /* Release */ = {
			isa = XCBuildConfiguration;
			buildSettings = {
				ALWAYS_EMBED_SWIFT_STANDARD_LIBRARIES = YES;
				BUNDLE_LOADER = "$(TEST_HOST)";
				CODE_SIGN_STYLE = Automatic;
				INFOPLIST_FILE = newGitTests/Info.plist;
				IPHONEOS_DEPLOYMENT_TARGET = 14.4;
				LD_RUNPATH_SEARCH_PATHS = (
					"$(inherited)",
					"@executable_path/Frameworks",
					"@loader_path/Frameworks",
				);
				PRODUCT_BUNDLE_IDENTIFIER = GrupoMateus.newGitTests;
				PRODUCT_NAME = "$(TARGET_NAME)";
				SWIFT_VERSION = 5.0;
				TARGETED_DEVICE_FAMILY = "1,2";
				TEST_HOST = "$(BUILT_PRODUCTS_DIR)/newGit.app/newGit";
			};
			name = Release;
		};
		355AA66827C5BAD000B314C0 /* Debug */ = {
			isa = XCBuildConfiguration;
			buildSettings = {
				ALWAYS_EMBED_SWIFT_STANDARD_LIBRARIES = YES;
				CODE_SIGN_STYLE = Automatic;
				INFOPLIST_FILE = newGitUITests/Info.plist;
				LD_RUNPATH_SEARCH_PATHS = (
					"$(inherited)",
					"@executable_path/Frameworks",
					"@loader_path/Frameworks",
				);
				PRODUCT_BUNDLE_IDENTIFIER = GrupoMateus.newGitUITests;
				PRODUCT_NAME = "$(TARGET_NAME)";
				SWIFT_VERSION = 5.0;
				TARGETED_DEVICE_FAMILY = "1,2";
				TEST_TARGET_NAME = newGit;
			};
			name = Debug;
		};
		355AA66927C5BAD000B314C0 /* Release */ = {
			isa = XCBuildConfiguration;
			buildSettings = {
				ALWAYS_EMBED_SWIFT_STANDARD_LIBRARIES = YES;
				CODE_SIGN_STYLE = Automatic;
				INFOPLIST_FILE = newGitUITests/Info.plist;
				LD_RUNPATH_SEARCH_PATHS = (
					"$(inherited)",
					"@executable_path/Frameworks",
					"@loader_path/Frameworks",
				);
				PRODUCT_BUNDLE_IDENTIFIER = GrupoMateus.newGitUITests;
				PRODUCT_NAME = "$(TARGET_NAME)";
				SWIFT_VERSION = 5.0;
				TARGETED_DEVICE_FAMILY = "1,2";
				TEST_TARGET_NAME = newGit;
			};
			name = Release;
		};
/* End XCBuildConfiguration section */

/* Begin XCConfigurationList section */
		355AA63227C5BAAF00B314C0 /* Build configuration list for PBXProject "newGit" */ = {
			isa = XCConfigurationList;
			buildConfigurations = (
				355AA65F27C5BAD000B314C0 /* Debug */,
				355AA66027C5BAD000B314C0 /* Release */,
			);
			defaultConfigurationIsVisible = 0;
			defaultConfigurationName = Release;
		};
		355AA66127C5BAD000B314C0 /* Build configuration list for PBXNativeTarget "newGit" */ = {
			isa = XCConfigurationList;
			buildConfigurations = (
				355AA66227C5BAD000B314C0 /* Debug */,
				355AA66327C5BAD000B314C0 /* Release */,
			);
			defaultConfigurationIsVisible = 0;
			defaultConfigurationName = Release;
		};
		355AA66427C5BAD000B314C0 /* Build configuration list for PBXNativeTarget "newGitTests" */ = {
			isa = XCConfigurationList;
			buildConfigurations = (
				355AA66527C5BAD000B314C0 /* Debug */,
				355AA66627C5BAD000B314C0 /* Release */,
			);
			defaultConfigurationIsVisible = 0;
			defaultConfigurationName = Release;
		};
		355AA66727C5BAD000B314C0 /* Build configuration list for PBXNativeTarget "newGitUITests" */ = {
			isa = XCConfigurationList;
			buildConfigurations = (
				355AA66827C5BAD000B314C0 /* Debug */,
				355AA66927C5BAD000B314C0 /* Release */,
			);
			defaultConfigurationIsVisible = 0;
			defaultConfigurationName = Release;
		};
/* End XCConfigurationList section */
	};
	rootObject = 355AA62F27C5BAAF00B314C0 /* Project object */;
}
