// !$*UTF8*$!
{
	archiveVersion = 1;
	classes = {
	};
	objectVersion = 51;
	objects = {

/* Begin PBXBuildFile section */
		02AEF8F3F91C8BD48515EEA4 /* Pods_newGit.framework in Frameworks */ = {isa = PBXBuildFile; fileRef = C30AF3F74257510730C1C231 /* Pods_newGit.framework */; };
		1BE121971E88651D81C80B1E /* Pods_newGitTests.framework in Frameworks */ = {isa = PBXBuildFile; fileRef = 1E9607FDF27DF51A67B50038 /* Pods_newGitTests.framework */; };
		355AA63B27C5BAAF00B314C0 /* AppDelegate.swift in Sources */ = {isa = PBXBuildFile; fileRef = 355AA63A27C5BAAF00B314C0 /* AppDelegate.swift */; };
		355AA63D27C5BAAF00B314C0 /* SceneDelegate.swift in Sources */ = {isa = PBXBuildFile; fileRef = 355AA63C27C5BAAF00B314C0 /* SceneDelegate.swift */; };
		355AA63F27C5BAB000B314C0 /* ViewController.swift in Sources */ = {isa = PBXBuildFile; fileRef = 355AA63E27C5BAAF00B314C0 /* ViewController.swift */; };
		355AA64227C5BAB000B314C0 /* Main.storyboard in Resources */ = {isa = PBXBuildFile; fileRef = 355AA64027C5BAB000B314C0 /* Main.storyboard */; };
		355AA64427C5BACD00B314C0 /* Assets.xcassets in Resources */ = {isa = PBXBuildFile; fileRef = 355AA64327C5BACD00B314C0 /* Assets.xcassets */; };
		355AA64727C5BACD00B314C0 /* LaunchScreen.storyboard in Resources */ = {isa = PBXBuildFile; fileRef = 355AA64527C5BACD00B314C0 /* LaunchScreen.storyboard */; };
		355AA65227C5BAD000B314C0 /* newGitTests.swift in Sources */ = {isa = PBXBuildFile; fileRef = 355AA65127C5BAD000B314C0 /* newGitTests.swift */; };
		355AA65D27C5BAD000B314C0 /* newGitUITests.swift in Sources */ = {isa = PBXBuildFile; fileRef = 355AA65C27C5BAD000B314C0 /* newGitUITests.swift */; };
		355AA67627C5C98900B314C0 /* Movies.swift in Sources */ = {isa = PBXBuildFile; fileRef = 355AA67527C5C98900B314C0 /* Movies.swift */; };
		8BAD8B06EE92014269C02A53 /* Pods_newGit_newGitUITests.framework in Frameworks */ = {isa = PBXBuildFile; fileRef = 1AE2444675A03673B722028A /* Pods_newGit_newGitUITests.framework */; };
		AC59406727C7260400E0C78A /* TitleFilmsTableViewCell.swift in Sources */ = {isa = PBXBuildFile; fileRef = AC59406627C7260400E0C78A /* TitleFilmsTableViewCell.swift */; };
/* End PBXBuildFile section */

/* Begin PBXContainerItemProxy section */
		355AA64E27C5BAD000B314C0 /* PBXContainerItemProxy */ = {
			isa = PBXContainerItemProxy;
			containerPortal = 355AA62F27C5BAAF00B314C0 /* Project object */;
			proxyType = 1;
			remoteGlobalIDString = 355AA63627C5BAAF00B314C0;
			remoteInfo = newGit;
		};
		355AA65927C5BAD000B314C0 /* PBXContainerItemProxy */ = {
			isa = PBXContainerItemProxy;
			containerPortal = 355AA62F27C5BAAF00B314C0 /* Project object */;
			proxyType = 1;
			remoteGlobalIDString = 355AA63627C5BAAF00B314C0;
			remoteInfo = newGit;
		};
/* End PBXContainerItemProxy section */

/* Begin PBXFileReference section */
		1AE2444675A03673B722028A /* Pods_newGit_newGitUITests.framework */ = {isa = PBXFileReference; explicitFileType = wrapper.framework; includeInIndex = 0; path = Pods_newGit_newGitUITests.framework; sourceTree = BUILT_PRODUCTS_DIR; };
		1E9607FDF27DF51A67B50038 /* Pods_newGitTests.framework */ = {isa = PBXFileReference; explicitFileType = wrapper.framework; includeInIndex = 0; path = Pods_newGitTests.framework; sourceTree = BUILT_PRODUCTS_DIR; };
		355AA63727C5BAAF00B314C0 /* newGit.app */ = {isa = PBXFileReference; explicitFileType = wrapper.application; includeInIndex = 0; path = newGit.app; sourceTree = BUILT_PRODUCTS_DIR; };
		355AA63A27C5BAAF00B314C0 /* AppDelegate.swift */ = {isa = PBXFileReference; lastKnownFileType = sourcecode.swift; path = AppDelegate.swift; sourceTree = "<group>"; };
		355AA63C27C5BAAF00B314C0 /* SceneDelegate.swift */ = {isa = PBXFileReference; lastKnownFileType = sourcecode.swift; path = SceneDelegate.swift; sourceTree = "<group>"; };
		355AA63E27C5BAAF00B314C0 /* ViewController.swift */ = {isa = PBXFileReference; lastKnownFileType = sourcecode.swift; path = ViewController.swift; sourceTree = "<group>"; };
		355AA64127C5BAB000B314C0 /* Base */ = {isa = PBXFileReference; lastKnownFileType = file.storyboard; name = Base; path = Base.lproj/Main.storyboard; sourceTree = "<group>"; };
		355AA64327C5BACD00B314C0 /* Assets.xcassets */ = {isa = PBXFileReference; lastKnownFileType = folder.assetcatalog; path = Assets.xcassets; sourceTree = "<group>"; };
		355AA64627C5BACD00B314C0 /* Base */ = {isa = PBXFileReference; lastKnownFileType = file.storyboard; name = Base; path = Base.lproj/LaunchScreen.storyboard; sourceTree = "<group>"; };
		355AA64827C5BACD00B314C0 /* Info.plist */ = {isa = PBXFileReference; lastKnownFileType = text.plist.xml; path = Info.plist; sourceTree = "<group>"; };
		355AA64D27C5BAD000B314C0 /* newGitTests.xctest */ = {isa = PBXFileReference; explicitFileType = wrapper.cfbundle; includeInIndex = 0; path = newGitTests.xctest; sourceTree = BUILT_PRODUCTS_DIR; };
		355AA65127C5BAD000B314C0 /* newGitTests.swift */ = {isa = PBXFileReference; lastKnownFileType = sourcecode.swift; path = newGitTests.swift; sourceTree = "<group>"; };
		355AA65327C5BAD000B314C0 /* Info.plist */ = {isa = PBXFileReference; lastKnownFileType = text.plist.xml; path = Info.plist; sourceTree = "<group>"; };
		355AA65827C5BAD000B314C0 /* newGitUITests.xctest */ = {isa = PBXFileReference; explicitFileType = wrapper.cfbundle; includeInIndex = 0; path = newGitUITests.xctest; sourceTree = BUILT_PRODUCTS_DIR; };
		355AA65C27C5BAD000B314C0 /* newGitUITests.swift */ = {isa = PBXFileReference; lastKnownFileType = sourcecode.swift; path = newGitUITests.swift; sourceTree = "<group>"; };
		355AA65E27C5BAD000B314C0 /* Info.plist */ = {isa = PBXFileReference; lastKnownFileType = text.plist.xml; path = Info.plist; sourceTree = "<group>"; };
		355AA67527C5C98900B314C0 /* Movies.swift */ = {isa = PBXFileReference; lastKnownFileType = sourcecode.swift; path = Movies.swift; sourceTree = "<group>"; };
		43463E2AB77AE5EA952B2E48 /* Pods-newGit.debug.xcconfig */ = {isa = PBXFileReference; includeInIndex = 1; lastKnownFileType = text.xcconfig; name = "Pods-newGit.debug.xcconfig"; path = "Target Support Files/Pods-newGit/Pods-newGit.debug.xcconfig"; sourceTree = "<group>"; };
		4AD29E4F960D7045805B6119 /* Pods-newGit-newGitUITests.release.xcconfig */ = {isa = PBXFileReference; includeInIndex = 1; lastKnownFileType = text.xcconfig; name = "Pods-newGit-newGitUITests.release.xcconfig"; path = "Target Support Files/Pods-newGit-newGitUITests/Pods-newGit-newGitUITests.release.xcconfig"; sourceTree = "<group>"; };
		8B131394DF0938B4F3BAE86A /* Pods-newGitTests.release.xcconfig */ = {isa = PBXFileReference; includeInIndex = 1; lastKnownFileType = text.xcconfig; name = "Pods-newGitTests.release.xcconfig"; path = "Target Support Files/Pods-newGitTests/Pods-newGitTests.release.xcconfig"; sourceTree = "<group>"; };
		91656C6B3D648315A4846F59 /* Pods-newGitTests.debug.xcconfig */ = {isa = PBXFileReference; includeInIndex = 1; lastKnownFileType = text.xcconfig; name = "Pods-newGitTests.debug.xcconfig"; path = "Target Support Files/Pods-newGitTests/Pods-newGitTests.debug.xcconfig"; sourceTree = "<group>"; };
		A5DFC868241AB2DC1A33D7C6 /* Pods-newGit.release.xcconfig */ = {isa = PBXFileReference; includeInIndex = 1; lastKnownFileType = text.xcconfig; name = "Pods-newGit.release.xcconfig"; path = "Target Support Files/Pods-newGit/Pods-newGit.release.xcconfig"; sourceTree = "<group>"; };
		AC59406627C7260400E0C78A /* TitleFilmsTableViewCell.swift */ = {isa = PBXFileReference; lastKnownFileType = sourcecode.swift; path = TitleFilmsTableViewCell.swift; sourceTree = "<group>"; };
		C30AF3F74257510730C1C231 /* Pods_newGit.framework */ = {isa = PBXFileReference; explicitFileType = wrapper.framework; includeInIndex = 0; path = Pods_newGit.framework; sourceTree = BUILT_PRODUCTS_DIR; };
		C4D7E97FEC129AFF7E510368 /* Pods-newGit-newGitUITests.debug.xcconfig */ = {isa = PBXFileReference; includeInIndex = 1; lastKnownFileType = text.xcconfig; name = "Pods-newGit-newGitUITests.debug.xcconfig"; path = "Target Support Files/Pods-newGit-newGitUITests/Pods-newGit-newGitUITests.debug.xcconfig"; sourceTree = "<group>"; };
/* End PBXFileReference section */

/* Begin PBXFrameworksBuildPhase section */
		355AA63427C5BAAF00B314C0 /* Frameworks */ = {
			isa = PBXFrameworksBuildPhase;
			buildActionMask = 2147483647;
			files = (
				02AEF8F3F91C8BD48515EEA4 /* Pods_newGit.framework in Frameworks */,
			);
			runOnlyForDeploymentPostprocessing = 0;
		};
		355AA64A27C5BAD000B314C0 /* Frameworks */ = {
			isa = PBXFrameworksBuildPhase;
			buildActionMask = 2147483647;
			files = (
				1BE121971E88651D81C80B1E /* Pods_newGitTests.framework in Frameworks */,
			);
			runOnlyForDeploymentPostprocessing = 0;
		};
		355AA65527C5BAD000B314C0 /* Frameworks */ = {
			isa = PBXFrameworksBuildPhase;
			buildActionMask = 2147483647;
			files = (
				8BAD8B06EE92014269C02A53 /* Pods_newGit_newGitUITests.framework in Frameworks */,
			);
			runOnlyForDeploymentPostprocessing = 0;
		};
/* End PBXFrameworksBuildPhase section */

/* Begin PBXGroup section */
		355AA62E27C5BAAF00B314C0 = {
			isa = PBXGroup;
			children = (
				355AA63927C5BAAF00B314C0 /* newGit */,
				355AA65027C5BAD000B314C0 /* newGitTests */,
				355AA65B27C5BAD000B314C0 /* newGitUITests */,
				355AA63827C5BAAF00B314C0 /* Products */,
				420F8358310A60002C857688 /* Pods */,
				B898F321A4E9C57BE7C4671C /* Frameworks */,
			);
			sourceTree = "<group>";
		};
		355AA63827C5BAAF00B314C0 /* Products */ = {
			isa = PBXGroup;
			children = (
				355AA63727C5BAAF00B314C0 /* newGit.app */,
				355AA64D27C5BAD000B314C0 /* newGitTests.xctest */,
				355AA65827C5BAD000B314C0 /* newGitUITests.xctest */,
			);
			name = Products;
			sourceTree = "<group>";
		};
		355AA63927C5BAAF00B314C0 /* newGit */ = {
			isa = PBXGroup;
			children = (
				355AA63A27C5BAAF00B314C0 /* AppDelegate.swift */,
				355AA63C27C5BAAF00B314C0 /* SceneDelegate.swift */,
				355AA63E27C5BAAF00B314C0 /* ViewController.swift */,
				355AA67527C5C98900B314C0 /* Movies.swift */,
				355AA64027C5BAB000B314C0 /* Main.storyboard */,
				AC59406627C7260400E0C78A /* TitleFilmsTableViewCell.swift */,
				355AA64327C5BACD00B314C0 /* Assets.xcassets */,
				355AA64527C5BACD00B314C0 /* LaunchScreen.storyboard */,
				355AA64827C5BACD00B314C0 /* Info.plist */,
			);
			path = newGit;
			sourceTree = "<group>";
		};
		355AA65027C5BAD000B314C0 /* newGitTests */ = {
			isa = PBXGroup;
			children = (
				355AA65127C5BAD000B314C0 /* newGitTests.swift */,
				355AA65327C5BAD000B314C0 /* Info.plist */,
			);
			path = newGitTests;
			sourceTree = "<group>";
		};
		355AA65B27C5BAD000B314C0 /* newGitUITests */ = {
			isa = PBXGroup;
			children = (
				355AA65C27C5BAD000B314C0 /* newGitUITests.swift */,
				355AA65E27C5BAD000B314C0 /* Info.plist */,
			);
			path = newGitUITests;
			sourceTree = "<group>";
		};
		420F8358310A60002C857688 /* Pods */ = {
			isa = PBXGroup;
			children = (
				43463E2AB77AE5EA952B2E48 /* Pods-newGit.debug.xcconfig */,
				A5DFC868241AB2DC1A33D7C6 /* Pods-newGit.release.xcconfig */,
				C4D7E97FEC129AFF7E510368 /* Pods-newGit-newGitUITests.debug.xcconfig */,
				4AD29E4F960D7045805B6119 /* Pods-newGit-newGitUITests.release.xcconfig */,
				91656C6B3D648315A4846F59 /* Pods-newGitTests.debug.xcconfig */,
				8B131394DF0938B4F3BAE86A /* Pods-newGitTests.release.xcconfig */,
			);
			path = Pods;
			sourceTree = "<group>";
		};
		B898F321A4E9C57BE7C4671C /* Frameworks */ = {
			isa = PBXGroup;
			children = (
				C30AF3F74257510730C1C231 /* Pods_newGit.framework */,
				1AE2444675A03673B722028A /* Pods_newGit_newGitUITests.framework */,
				1E9607FDF27DF51A67B50038 /* Pods_newGitTests.framework */,
			);
			name = Frameworks;
			sourceTree = "<group>";
		};
/* End PBXGroup section */

/* Begin PBXNativeTarget section */
		355AA63627C5BAAF00B314C0 /* newGit */ = {
			isa = PBXNativeTarget;
			buildConfigurationList = 355AA66127C5BAD000B314C0 /* Build configuration list for PBXNativeTarget "newGit" */;
			buildPhases = (
				839450E09684B40CBB38ADAB /* [CP] Check Pods Manifest.lock */,
				355AA63327C5BAAF00B314C0 /* Sources */,
				355AA63427C5BAAF00B314C0 /* Frameworks */,
				355AA63527C5BAAF00B314C0 /* Resources */,
				76264847276473F1C3D3C38B /* [CP] Embed Pods Frameworks */,
			);
			buildRules = (
			);
			dependencies = (
			);
			name = newGit;
			productName = newGit;
			productReference = 355AA63727C5BAAF00B314C0 /* newGit.app */;
			productType = "com.apple.product-type.application";
		};
		355AA64C27C5BAD000B314C0 /* newGitTests */ = {
			isa = PBXNativeTarget;
			buildConfigurationList = 355AA66427C5BAD000B314C0 /* Build configuration list for PBXNativeTarget "newGitTests" */;
			buildPhases = (
				A444971D80583E2937882BC8 /* [CP] Check Pods Manifest.lock */,
				355AA64927C5BAD000B314C0 /* Sources */,
				355AA64A27C5BAD000B314C0 /* Frameworks */,
				355AA64B27C5BAD000B314C0 /* Resources */,
			);
			buildRules = (
			);
			dependencies = (
				355AA64F27C5BAD000B314C0 /* PBXTargetDependency */,
			);
			name = newGitTests;
			productName = newGitTests;
			productReference = 355AA64D27C5BAD000B314C0 /* newGitTests.xctest */;
			productType = "com.apple.product-type.bundle.unit-test";
		};
		355AA65727C5BAD000B314C0 /* newGitUITests */ = {
			isa = PBXNativeTarget;
			buildConfigurationList = 355AA66727C5BAD000B314C0 /* Build configuration list for PBXNativeTarget "newGitUITests" */;
			buildPhases = (
				CC14B13A9A8E2EBBD3FA2101 /* [CP] Check Pods Manifest.lock */,
				355AA65427C5BAD000B314C0 /* Sources */,
				355AA65527C5BAD000B314C0 /* Frameworks */,
				355AA65627C5BAD000B314C0 /* Resources */,
				677798AD2142ECEE8D8B1883 /* [CP] Embed Pods Frameworks */,
			);
			buildRules = (
			);
			dependencies = (
				355AA65A27C5BAD000B314C0 /* PBXTargetDependency */,
			);
			name = newGitUITests;
			productName = newGitUITests;
			productReference = 355AA65827C5BAD000B314C0 /* newGitUITests.xctest */;
			productType = "com.apple.product-type.bundle.ui-testing";
		};
/* End PBXNativeTarget section */

/* Begin PBXProject section */
		355AA62F27C5BAAF00B314C0 /* Project object */ = {
			isa = PBXProject;
			attributes = {
				LastSwiftUpdateCheck = 1240;
				LastUpgradeCheck = 1240;
				TargetAttributes = {
					355AA63627C5BAAF00B314C0 = {
						CreatedOnToolsVersion = 12.4;
					};
					355AA64C27C5BAD000B314C0 = {
						CreatedOnToolsVersion = 12.4;
						TestTargetID = 355AA63627C5BAAF00B314C0;
					};
					355AA65727C5BAD000B314C0 = {
						CreatedOnToolsVersion = 12.4;
						TestTargetID = 355AA63627C5BAAF00B314C0;
					};
				};
			};
			buildConfigurationList = 355AA63227C5BAAF00B314C0 /* Build configuration list for PBXProject "newGit" */;
			compatibilityVersion = "Xcode 9.3";
			developmentRegion = en;
			hasScannedForEncodings = 0;
			knownRegions = (
				en,
				Base,
			);
			mainGroup = 355AA62E27C5BAAF00B314C0;
			productRefGroup = 355AA63827C5BAAF00B314C0 /* Products */;
			projectDirPath = "";
			projectRoot = "";
			targets = (
				355AA63627C5BAAF00B314C0 /* newGit */,
				355AA64C27C5BAD000B314C0 /* newGitTests */,
				355AA65727C5BAD000B314C0 /* newGitUITests */,
			);
		};
/* End PBXProject section */

/* Begin PBXResourcesBuildPhase section */
		355AA63527C5BAAF00B314C0 /* Resources */ = {
			isa = PBXResourcesBuildPhase;
			buildActionMask = 2147483647;
			files = (
				355AA64727C5BACD00B314C0 /* LaunchScreen.storyboard in Resources */,
				355AA64427C5BACD00B314C0 /* Assets.xcassets in Resources */,
				355AA64227C5BAB000B314C0 /* Main.storyboard in Resources */,
			);
			runOnlyForDeploymentPostprocessing = 0;
		};
		355AA64B27C5BAD000B314C0 /* Resources */ = {
			isa = PBXResourcesBuildPhase;
			buildActionMask = 2147483647;
			files = (
			);
			runOnlyForDeploymentPostprocessing = 0;
		};
		355AA65627C5BAD000B314C0 /* Resources */ = {
			isa = PBXResourcesBuildPhase;
			buildActionMask = 2147483647;
			files = (
			);
			runOnlyForDeploymentPostprocessing = 0;
		};
/* End PBXResourcesBuildPhase section */

/* Begin PBXShellScriptBuildPhase section */
		677798AD2142ECEE8D8B1883 /* [CP] Embed Pods Frameworks */ = {
			isa = PBXShellScriptBuildPhase;
			buildActionMask = 2147483647;
			files = (
			);
			inputFileListPaths = (
				"${PODS_ROOT}/Target Support Files/Pods-newGit-newGitUITests/Pods-newGit-newGitUITests-frameworks-${CONFIGURATION}-input-files.xcfilelist",
			);
			name = "[CP] Embed Pods Frameworks";
			outputFileListPaths = (
				"${PODS_ROOT}/Target Support Files/Pods-newGit-newGitUITests/Pods-newGit-newGitUITests-frameworks-${CONFIGURATION}-output-files.xcfilelist",
			);
			runOnlyForDeploymentPostprocessing = 0;
			shellPath = /bin/sh;
			shellScript = "\"${PODS_ROOT}/Target Support Files/Pods-newGit-newGitUITests/Pods-newGit-newGitUITests-frameworks.sh\"\n";
			showEnvVarsInLog = 0;
		};
		76264847276473F1C3D3C38B /* [CP] Embed Pods Frameworks */ = {
			isa = PBXShellScriptBuildPhase;
			buildActionMask = 2147483647;
			files = (
			);
			inputFileListPaths = (
				"${PODS_ROOT}/Target Support Files/Pods-newGit/Pods-newGit-frameworks-${CONFIGURATION}-input-files.xcfilelist",
			);
			name = "[CP] Embed Pods Frameworks";
			outputFileListPaths = (
				"${PODS_ROOT}/Target Support Files/Pods-newGit/Pods-newGit-frameworks-${CONFIGURATION}-output-files.xcfilelist",
			);
			runOnlyForDeploymentPostprocessing = 0;
			shellPath = /bin/sh;
			shellScript = "\"${PODS_ROOT}/Target Support Files/Pods-newGit/Pods-newGit-frameworks.sh\"\n";
			showEnvVarsInLog = 0;
		};
		839450E09684B40CBB38ADAB /* [CP] Check Pods Manifest.lock */ = {
			isa = PBXShellScriptBuildPhase;
			buildActionMask = 2147483647;
			files = (
			);
			inputFileListPaths = (
			);
			inputPaths = (
				"${PODS_PODFILE_DIR_PATH}/Podfile.lock",
				"${PODS_ROOT}/Manifest.lock",
			);
			name = "[CP] Check Pods Manifest.lock";
			outputFileListPaths = (
			);
			outputPaths = (
				"$(DERIVED_FILE_DIR)/Pods-newGit-checkManifestLockResult.txt",
			);
			runOnlyForDeploymentPostprocessing = 0;
			shellPath = /bin/sh;
			shellScript = "diff \"${PODS_PODFILE_DIR_PATH}/Podfile.lock\" \"${PODS_ROOT}/Manifest.lock\" > /dev/null\nif [ $? != 0 ] ; then\n    # print error to STDERR\n    echo \"error: The sandbox is not in sync with the Podfile.lock. Run 'pod install' or update your CocoaPods installation.\" >&2\n    exit 1\nfi\n# This output is used by Xcode 'outputs' to avoid re-running this script phase.\necho \"SUCCESS\" > \"${SCRIPT_OUTPUT_FILE_0}\"\n";
			showEnvVarsInLog = 0;
		};
		A444971D80583E2937882BC8 /* [CP] Check Pods Manifest.lock */ = {
			isa = PBXShellScriptBuildPhase;
			buildActionMask = 2147483647;
			files = (
			);
			inputFileListPaths = (
			);
			inputPaths = (
				"${PODS_PODFILE_DIR_PATH}/Podfile.lock",
				"${PODS_ROOT}/Manifest.lock",
			);
			name = "[CP] Check Pods Manifest.lock";
			outputFileListPaths = (
			);
			outputPaths = (
				"$(DERIVED_FILE_DIR)/Pods-newGitTests-checkManifestLockResult.txt",
			);
			runOnlyForDeploymentPostprocessing = 0;
			shellPath = /bin/sh;
			shellScript = "diff \"${PODS_PODFILE_DIR_PATH}/Podfile.lock\" \"${PODS_ROOT}/Manifest.lock\" > /dev/null\nif [ $? != 0 ] ; then\n    # print error to STDERR\n    echo \"error: The sandbox is not in sync with the Podfile.lock. Run 'pod install' or update your CocoaPods installation.\" >&2\n    exit 1\nfi\n# This output is used by Xcode 'outputs' to avoid re-running this script phase.\necho \"SUCCESS\" > \"${SCRIPT_OUTPUT_FILE_0}\"\n";
			showEnvVarsInLog = 0;
		};
		CC14B13A9A8E2EBBD3FA2101 /* [CP] Check Pods Manifest.lock */ = {
			isa = PBXShellScriptBuildPhase;
			buildActionMask = 2147483647;
			files = (
			);
			inputFileListPaths = (
			);
			inputPaths = (
				"${PODS_PODFILE_DIR_PATH}/Podfile.lock",
				"${PODS_ROOT}/Manifest.lock",
			);
			name = "[CP] Check Pods Manifest.lock";
			outputFileListPaths = (
			);
			outputPaths = (
				"$(DERIVED_FILE_DIR)/Pods-newGit-newGitUITests-checkManifestLockResult.txt",
			);
			runOnlyForDeploymentPostprocessing = 0;
			shellPath = /bin/sh;
			shellScript = "diff \"${PODS_PODFILE_DIR_PATH}/Podfile.lock\" \"${PODS_ROOT}/Manifest.lock\" > /dev/null\nif [ $? != 0 ] ; then\n    # print error to STDERR\n    echo \"error: The sandbox is not in sync with the Podfile.lock. Run 'pod install' or update your CocoaPods installation.\" >&2\n    exit 1\nfi\n# This output is used by Xcode 'outputs' to avoid re-running this script phase.\necho \"SUCCESS\" > \"${SCRIPT_OUTPUT_FILE_0}\"\n";
			showEnvVarsInLog = 0;
		};
/* End PBXShellScriptBuildPhase section */

/* Begin PBXSourcesBuildPhase section */
		355AA63327C5BAAF00B314C0 /* Sources */ = {
			isa = PBXSourcesBuildPhase;
			buildActionMask = 2147483647;
			files = (
				355AA63F27C5BAB000B314C0 /* ViewController.swift in Sources */,
				355AA63B27C5BAAF00B314C0 /* AppDelegate.swift in Sources */,
				355AA67627C5C98900B314C0 /* Movies.swift in Sources */,
				AC59406727C7260400E0C78A /* TitleFilmsTableViewCell.swift in Sources */,
				355AA63D27C5BAAF00B314C0 /* SceneDelegate.swift in Sources */,
			);
			runOnlyForDeploymentPostprocessing = 0;
		};
		355AA64927C5BAD000B314C0 /* Sources */ = {
			isa = PBXSourcesBuildPhase;
			buildActionMask = 2147483647;
			files = (
				355AA65227C5BAD000B314C0 /* newGitTests.swift in Sources */,
			);
			runOnlyForDeploymentPostprocessing = 0;
		};
		355AA65427C5BAD000B314C0 /* Sources */ = {
			isa = PBXSourcesBuildPhase;
			buildActionMask = 2147483647;
			files = (
				355AA65D27C5BAD000B314C0 /* newGitUITests.swift in Sources */,
			);
			runOnlyForDeploymentPostprocessing = 0;
		};
/* End PBXSourcesBuildPhase section */

/* Begin PBXTargetDependency section */
		355AA64F27C5BAD000B314C0 /* PBXTargetDependency */ = {
			isa = PBXTargetDependency;
			target = 355AA63627C5BAAF00B314C0 /* newGit */;
			targetProxy = 355AA64E27C5BAD000B314C0 /* PBXContainerItemProxy */;
		};
		355AA65A27C5BAD000B314C0 /* PBXTargetDependency */ = {
			isa = PBXTargetDependency;
			target = 355AA63627C5BAAF00B314C0 /* newGit */;
			targetProxy = 355AA65927C5BAD000B314C0 /* PBXContainerItemProxy */;
		};
/* End PBXTargetDependency section */

/* Begin PBXVariantGroup section */
		355AA64027C5BAB000B314C0 /* Main.storyboard */ = {
			isa = PBXVariantGroup;
			children = (
				355AA64127C5BAB000B314C0 /* Base */,
			);
			name = Main.storyboard;
			sourceTree = "<group>";
		};
		355AA64527C5BACD00B314C0 /* LaunchScreen.storyboard */ = {
			isa = PBXVariantGroup;
			children = (
				355AA64627C5BACD00B314C0 /* Base */,
			);
			name = LaunchScreen.storyboard;
			sourceTree = "<group>";
		};
/* End PBXVariantGroup section */

/* Begin XCBuildConfiguration section */
		355AA65F27C5BAD000B314C0 /* Debug */ = {
			isa = XCBuildConfiguration;
			buildSettings = {
				ALWAYS_SEARCH_USER_PATHS = NO;
				CLANG_ANALYZER_NONNULL = YES;
				CLANG_ANALYZER_NUMBER_OBJECT_CONVERSION = YES_AGGRESSIVE;
				CLANG_CXX_LANGUAGE_STANDARD = "gnu++14";
				CLANG_CXX_LIBRARY = "libc++";
				CLANG_ENABLE_MODULES = YES;
				CLANG_ENABLE_OBJC_ARC = YES;
				CLANG_ENABLE_OBJC_WEAK = YES;
				CLANG_WARN_BLOCK_CAPTURE_AUTORELEASING = YES;
				CLANG_WARN_BOOL_CONVERSION = YES;
				CLANG_WARN_COMMA = YES;
				CLANG_WARN_CONSTANT_CONVERSION = YES;
				CLANG_WARN_DEPRECATED_OBJC_IMPLEMENTATIONS = YES;
				CLANG_WARN_DIRECT_OBJC_ISA_USAGE = YES_ERROR;
				CLANG_WARN_DOCUMENTATION_COMMENTS = YES;
				CLANG_WARN_EMPTY_BODY = YES;
				CLANG_WARN_ENUM_CONVERSION = YES;
				CLANG_WARN_INFINITE_RECURSION = YES;
				CLANG_WARN_INT_CONVERSION = YES;
				CLANG_WARN_NON_LITERAL_NULL_CONVERSION = YES;
				CLANG_WARN_OBJC_IMPLICIT_RETAIN_SELF = YES;
				CLANG_WARN_OBJC_LITERAL_CONVERSION = YES;
				CLANG_WARN_OBJC_ROOT_CLASS = YES_ERROR;
				CLANG_WARN_QUOTED_INCLUDE_IN_FRAMEWORK_HEADER = YES;
				CLANG_WARN_RANGE_LOOP_ANALYSIS = YES;
				CLANG_WARN_STRICT_PROTOTYPES = YES;
				CLANG_WARN_SUSPICIOUS_MOVE = YES;
				CLANG_WARN_UNGUARDED_AVAILABILITY = YES_AGGRESSIVE;
				CLANG_WARN_UNREACHABLE_CODE = YES;
				CLANG_WARN__DUPLICATE_METHOD_MATCH = YES;
				COPY_PHASE_STRIP = NO;
				DEBUG_INFORMATION_FORMAT = dwarf;
				ENABLE_STRICT_OBJC_MSGSEND = YES;
				ENABLE_TESTABILITY = YES;
				GCC_C_LANGUAGE_STANDARD = gnu11;
				GCC_DYNAMIC_NO_PIC = NO;
				GCC_NO_COMMON_BLOCKS = YES;
				GCC_OPTIMIZATION_LEVEL = 0;
				GCC_PREPROCESSOR_DEFINITIONS = (
					"DEBUG=1",
					"$(inherited)",
				);
				GCC_WARN_64_TO_32_BIT_CONVERSION = YES;
				GCC_WARN_ABOUT_RETURN_TYPE = YES_ERROR;
				GCC_WARN_UNDECLARED_SELECTOR = YES;
				GCC_WARN_UNINITIALIZED_AUTOS = YES_AGGRESSIVE;
				GCC_WARN_UNUSED_FUNCTION = YES;
				GCC_WARN_UNUSED_VARIABLE = YES;
				IPHONEOS_DEPLOYMENT_TARGET = 14.4;
				MTL_ENABLE_DEBUG_INFO = INCLUDE_SOURCE;
				MTL_FAST_MATH = YES;
				ONLY_ACTIVE_ARCH = YES;
				SDKROOT = iphoneos;
				SWIFT_ACTIVE_COMPILATION_CONDITIONS = DEBUG;
				SWIFT_OPTIMIZATION_LEVEL = "-Onone";
			};
			name = Debug;
		};
		355AA66027C5BAD000B314C0 /* Release */ = {
			isa = XCBuildConfiguration;
			buildSettings = {
				ALWAYS_SEARCH_USER_PATHS = NO;
				CLANG_ANALYZER_NONNULL = YES;
				CLANG_ANALYZER_NUMBER_OBJECT_CONVERSION = YES_AGGRESSIVE;
				CLANG_CXX_LANGUAGE_STANDARD = "gnu++14";
				CLANG_CXX_LIBRARY = "libc++";
				CLANG_ENABLE_MODULES = YES;
				CLANG_ENABLE_OBJC_ARC = YES;
				CLANG_ENABLE_OBJC_WEAK = YES;
				CLANG_WARN_BLOCK_CAPTURE_AUTORELEASING = YES;
				CLANG_WARN_BOOL_CONVERSION = YES;
				CLANG_WARN_COMMA = YES;
				CLANG_WARN_CONSTANT_CONVERSION = YES;
				CLANG_WARN_DEPRECATED_OBJC_IMPLEMENTATIONS = YES;
				CLANG_WARN_DIRECT_OBJC_ISA_USAGE = YES_ERROR;
				CLANG_WARN_DOCUMENTATION_COMMENTS = YES;
				CLANG_WARN_EMPTY_BODY = YES;
				CLANG_WARN_ENUM_CONVERSION = YES;
				CLANG_WARN_INFINITE_RECURSION = YES;
				CLANG_WARN_INT_CONVERSION = YES;
				CLANG_WARN_NON_LITERAL_NULL_CONVERSION = YES;
				CLANG_WARN_OBJC_IMPLICIT_RETAIN_SELF = YES;
				CLANG_WARN_OBJC_LITERAL_CONVERSION = YES;
				CLANG_WARN_OBJC_ROOT_CLASS = YES_ERROR;
				CLANG_WARN_QUOTED_INCLUDE_IN_FRAMEWORK_HEADER = YES;
				CLANG_WARN_RANGE_LOOP_ANALYSIS = YES;
				CLANG_WARN_STRICT_PROTOTYPES = YES;
				CLANG_WARN_SUSPICIOUS_MOVE = YES;
				CLANG_WARN_UNGUARDED_AVAILABILITY = YES_AGGRESSIVE;
				CLANG_WARN_UNREACHABLE_CODE = YES;
				CLANG_WARN__DUPLICATE_METHOD_MATCH = YES;
				COPY_PHASE_STRIP = NO;
				DEBUG_INFORMATION_FORMAT = "dwarf-with-dsym";
				ENABLE_NS_ASSERTIONS = NO;
				ENABLE_STRICT_OBJC_MSGSEND = YES;
				GCC_C_LANGUAGE_STANDARD = gnu11;
				GCC_NO_COMMON_BLOCKS = YES;
				GCC_WARN_64_TO_32_BIT_CONVERSION = YES;
				GCC_WARN_ABOUT_RETURN_TYPE = YES_ERROR;
				GCC_WARN_UNDECLARED_SELECTOR = YES;
				GCC_WARN_UNINITIALIZED_AUTOS = YES_AGGRESSIVE;
				GCC_WARN_UNUSED_FUNCTION = YES;
				GCC_WARN_UNUSED_VARIABLE = YES;
				IPHONEOS_DEPLOYMENT_TARGET = 14.4;
				MTL_ENABLE_DEBUG_INFO = NO;
				MTL_FAST_MATH = YES;
				SDKROOT = iphoneos;
				SWIFT_COMPILATION_MODE = wholemodule;
				SWIFT_OPTIMIZATION_LEVEL = "-O";
				VALIDATE_PRODUCT = YES;
			};
			name = Release;
		};
		355AA66227C5BAD000B314C0 /* Debug */ = {
			isa = XCBuildConfiguration;
			baseConfigurationReference = 43463E2AB77AE5EA952B2E48 /* Pods-newGit.debug.xcconfig */;
			buildSettings = {
				ASSETCATALOG_COMPILER_APPICON_NAME = AppIcon;
				ASSETCATALOG_COMPILER_GLOBAL_ACCENT_COLOR_NAME = AccentColor;
				CODE_SIGN_STYLE = Automatic;
				INFOPLIST_FILE = newGit/Info.plist;
				LD_RUNPATH_SEARCH_PATHS = (
					"$(inherited)",
					"@executable_path/Frameworks",
				);
				PRODUCT_BUNDLE_IDENTIFIER = GrupoMateus.newGit;
				PRODUCT_NAME = "$(TARGET_NAME)";
				SWIFT_VERSION = 5.0;
				TARGETED_DEVICE_FAMILY = "1,2";
			};
			name = Debug;
		};
		355AA66327C5BAD000B314C0 /* Release */ = {
			isa = XCBuildConfiguration;
			baseConfigurationReference = A5DFC868241AB2DC1A33D7C6 /* Pods-newGit.release.xcconfig */;
			buildSettings = {
				ASSETCATALOG_COMPILER_APPICON_NAME = AppIcon;
				ASSETCATALOG_COMPILER_GLOBAL_ACCENT_COLOR_NAME = AccentColor;
				CODE_SIGN_STYLE = Automatic;
				INFOPLIST_FILE = newGit/Info.plist;
				LD_RUNPATH_SEARCH_PATHS = (
					"$(inherited)",
					"@executable_path/Frameworks",
				);
				PRODUCT_BUNDLE_IDENTIFIER = GrupoMateus.newGit;
				PRODUCT_NAME = "$(TARGET_NAME)";
				SWIFT_VERSION = 5.0;
				TARGETED_DEVICE_FAMILY = "1,2";
			};
			name = Release;
		};
		355AA66527C5BAD000B314C0 /* Debug */ = {
			isa = XCBuildConfiguration;
			baseConfigurationReference = 91656C6B3D648315A4846F59 /* Pods-newGitTests.debug.xcconfig */;
			buildSettings = {
				ALWAYS_EMBED_SWIFT_STANDARD_LIBRARIES = YES;
				BUNDLE_LOADER = "$(TEST_HOST)";
				CODE_SIGN_STYLE = Automatic;
				INFOPLIST_FILE = newGitTests/Info.plist;
				IPHONEOS_DEPLOYMENT_TARGET = 14.4;
				LD_RUNPATH_SEARCH_PATHS = (
					"$(inherited)",
					"@executable_path/Frameworks",
					"@loader_path/Frameworks",
				);
				PRODUCT_BUNDLE_IDENTIFIER = GrupoMateus.newGitTests;
				PRODUCT_NAME = "$(TARGET_NAME)";
				SWIFT_VERSION = 5.0;
				TARGETED_DEVICE_FAMILY = "1,2";
				TEST_HOST = "$(BUILT_PRODUCTS_DIR)/newGit.app/newGit";
			};
			name = Debug;
		};
		355AA66627C5BAD000B314C0 /* Release */ = {
			isa = XCBuildConfiguration;
			baseConfigurationReference = 8B131394DF0938B4F3BAE86A /* Pods-newGitTests.release.xcconfig */;
			buildSettings = {
				ALWAYS_EMBED_SWIFT_STANDARD_LIBRARIES = YES;
				BUNDLE_LOADER = "$(TEST_HOST)";
				CODE_SIGN_STYLE = Automatic;
				INFOPLIST_FILE = newGitTests/Info.plist;
				IPHONEOS_DEPLOYMENT_TARGET = 14.4;
				LD_RUNPATH_SEARCH_PATHS = (
					"$(inherited)",
					"@executable_path/Frameworks",
					"@loader_path/Frameworks",
				);
				PRODUCT_BUNDLE_IDENTIFIER = GrupoMateus.newGitTests;
				PRODUCT_NAME = "$(TARGET_NAME)";
				SWIFT_VERSION = 5.0;
				TARGETED_DEVICE_FAMILY = "1,2";
				TEST_HOST = "$(BUILT_PRODUCTS_DIR)/newGit.app/newGit";
			};
			name = Release;
		};
		355AA66827C5BAD000B314C0 /* Debug */ = {
			isa = XCBuildConfiguration;
			baseConfigurationReference = C4D7E97FEC129AFF7E510368 /* Pods-newGit-newGitUITests.debug.xcconfig */;
			buildSettings = {
				ALWAYS_EMBED_SWIFT_STANDARD_LIBRARIES = YES;
				CODE_SIGN_STYLE = Automatic;
				INFOPLIST_FILE = newGitUITests/Info.plist;
				LD_RUNPATH_SEARCH_PATHS = (
					"$(inherited)",
					"@executable_path/Frameworks",
					"@loader_path/Frameworks",
				);
				PRODUCT_BUNDLE_IDENTIFIER = GrupoMateus.newGitUITests;
				PRODUCT_NAME = "$(TARGET_NAME)";
				SWIFT_VERSION = 5.0;
				TARGETED_DEVICE_FAMILY = "1,2";
				TEST_TARGET_NAME = newGit;
			};
			name = Debug;
		};
		355AA66927C5BAD000B314C0 /* Release */ = {
			isa = XCBuildConfiguration;
			baseConfigurationReference = 4AD29E4F960D7045805B6119 /* Pods-newGit-newGitUITests.release.xcconfig */;
			buildSettings = {
				ALWAYS_EMBED_SWIFT_STANDARD_LIBRARIES = YES;
				CODE_SIGN_STYLE = Automatic;
				INFOPLIST_FILE = newGitUITests/Info.plist;
				LD_RUNPATH_SEARCH_PATHS = (
					"$(inherited)",
					"@executable_path/Frameworks",
					"@loader_path/Frameworks",
				);
				PRODUCT_BUNDLE_IDENTIFIER = GrupoMateus.newGitUITests;
				PRODUCT_NAME = "$(TARGET_NAME)";
				SWIFT_VERSION = 5.0;
				TARGETED_DEVICE_FAMILY = "1,2";
				TEST_TARGET_NAME = newGit;
			};
			name = Release;
		};
/* End XCBuildConfiguration section */

/* Begin XCConfigurationList section */
		355AA63227C5BAAF00B314C0 /* Build configuration list for PBXProject "newGit" */ = {
			isa = XCConfigurationList;
			buildConfigurations = (
				355AA65F27C5BAD000B314C0 /* Debug */,
				355AA66027C5BAD000B314C0 /* Release */,
			);
			defaultConfigurationIsVisible = 0;
			defaultConfigurationName = Release;
		};
		355AA66127C5BAD000B314C0 /* Build configuration list for PBXNativeTarget "newGit" */ = {
			isa = XCConfigurationList;
			buildConfigurations = (
				355AA66227C5BAD000B314C0 /* Debug */,
				355AA66327C5BAD000B314C0 /* Release */,
			);
			defaultConfigurationIsVisible = 0;
			defaultConfigurationName = Release;
		};
		355AA66427C5BAD000B314C0 /* Build configuration list for PBXNativeTarget "newGitTests" */ = {
			isa = XCConfigurationList;
			buildConfigurations = (
				355AA66527C5BAD000B314C0 /* Debug */,
				355AA66627C5BAD000B314C0 /* Release */,
			);
			defaultConfigurationIsVisible = 0;
			defaultConfigurationName = Release;
		};
		355AA66727C5BAD000B314C0 /* Build configuration list for PBXNativeTarget "newGitUITests" */ = {
			isa = XCConfigurationList;
			buildConfigurations = (
				355AA66827C5BAD000B314C0 /* Debug */,
				355AA66927C5BAD000B314C0 /* Release */,
			);
			defaultConfigurationIsVisible = 0;
			defaultConfigurationName = Release;
		};
/* End XCConfigurationList section */
	};
	rootObject = 355AA62F27C5BAAF00B314C0 /* Project object */;
}
